// !$*UTF8*$!
{
	archiveVersion = 1;
	classes = {
	};
	objectVersion = 48;
	objects = {

/* Begin PBXBuildFile section */
		7F3DA2742033D3FD007944A1 /* AppDelegate.swift in Sources */ = {isa = PBXBuildFile; fileRef = 7F3DA2732033D3FD007944A1 /* AppDelegate.swift */; };
		7F3DA2762033D3FD007944A1 /* ViewController.swift in Sources */ = {isa = PBXBuildFile; fileRef = 7F3DA2752033D3FD007944A1 /* ViewController.swift */; };
		7F3DA2792033D3FD007944A1 /* Main.storyboard in Resources */ = {isa = PBXBuildFile; fileRef = 7F3DA2772033D3FD007944A1 /* Main.storyboard */; };
		7F3DA27B2033D3FD007944A1 /* Assets.xcassets in Resources */ = {isa = PBXBuildFile; fileRef = 7F3DA27A2033D3FD007944A1 /* Assets.xcassets */; };
		7F3DA27E2033D3FD007944A1 /* LaunchScreen.storyboard in Resources */ = {isa = PBXBuildFile; fileRef = 7F3DA27C2033D3FD007944A1 /* LaunchScreen.storyboard */; };
		7F3DA2892033D3FD007944A1 /* Travellerhw5_3Tests.swift in Sources */ = {isa = PBXBuildFile; fileRef = 7F3DA2882033D3FD007944A1 /* Travellerhw5_3Tests.swift */; };
		7F3DA2942033D3FD007944A1 /* Travellerhw5_3UITests.swift in Sources */ = {isa = PBXBuildFile; fileRef = 7F3DA2932033D3FD007944A1 /* Travellerhw5_3UITests.swift */; };
/* End PBXBuildFile section */

/* Begin PBXContainerItemProxy section */
		7F3DA2852033D3FD007944A1 /* PBXContainerItemProxy */ = {
			isa = PBXContainerItemProxy;
			containerPortal = 7F3DA2682033D3FD007944A1 /* Project object */;
			proxyType = 1;
			remoteGlobalIDString = 7F3DA26F2033D3FD007944A1;
			remoteInfo = Travellerhw5_3;
		};
		7F3DA2902033D3FD007944A1 /* PBXContainerItemProxy */ = {
			isa = PBXContainerItemProxy;
			containerPortal = 7F3DA2682033D3FD007944A1 /* Project object */;
			proxyType = 1;
			remoteGlobalIDString = 7F3DA26F2033D3FD007944A1;
			remoteInfo = Travellerhw5_3;
		};
/* End PBXContainerItemProxy section */

/* Begin PBXFileReference section */
		7F3DA2702033D3FD007944A1 /* Travellerhw5_3.app */ = {isa = PBXFileReference; explicitFileType = wrapper.application; includeInIndex = 0; path = Travellerhw5_3.app; sourceTree = BUILT_PRODUCTS_DIR; };
		7F3DA2732033D3FD007944A1 /* AppDelegate.swift */ = {isa = PBXFileReference; lastKnownFileType = sourcecode.swift; path = AppDelegate.swift; sourceTree = "<group>"; };
		7F3DA2752033D3FD007944A1 /* ViewController.swift */ = {isa = PBXFileReference; lastKnownFileType = sourcecode.swift; path = ViewController.swift; sourceTree = "<group>"; };
		7F3DA2782033D3FD007944A1 /* Base */ = {isa = PBXFileReference; lastKnownFileType = file.storyboard; name = Base; path = Base.lproj/Main.storyboard; sourceTree = "<group>"; };
		7F3DA27A2033D3FD007944A1 /* Assets.xcassets */ = {isa = PBXFileReference; lastKnownFileType = folder.assetcatalog; path = Assets.xcassets; sourceTree = "<group>"; };
		7F3DA27D2033D3FD007944A1 /* Base */ = {isa = PBXFileReference; lastKnownFileType = file.storyboard; name = Base; path = Base.lproj/LaunchScreen.storyboard; sourceTree = "<group>"; };
		7F3DA27F2033D3FD007944A1 /* Info.plist */ = {isa = PBXFileReference; lastKnownFileType = text.plist.xml; path = Info.plist; sourceTree = "<group>"; };
		7F3DA2842033D3FD007944A1 /* Travellerhw5_3Tests.xctest */ = {isa = PBXFileReference; explicitFileType = wrapper.cfbundle; includeInIndex = 0; path = Travellerhw5_3Tests.xctest; sourceTree = BUILT_PRODUCTS_DIR; };
		7F3DA2882033D3FD007944A1 /* Travellerhw5_3Tests.swift */ = {isa = PBXFileReference; lastKnownFileType = sourcecode.swift; path = Travellerhw5_3Tests.swift; sourceTree = "<group>"; };
		7F3DA28A2033D3FD007944A1 /* Info.plist */ = {isa = PBXFileReference; lastKnownFileType = text.plist.xml; path = Info.plist; sourceTree = "<group>"; };
		7F3DA28F2033D3FD007944A1 /* Travellerhw5_3UITests.xctest */ = {isa = PBXFileReference; explicitFileType = wrapper.cfbundle; includeInIndex = 0; path = Travellerhw5_3UITests.xctest; sourceTree = BUILT_PRODUCTS_DIR; };
		7F3DA2932033D3FD007944A1 /* Travellerhw5_3UITests.swift */ = {isa = PBXFileReference; lastKnownFileType = sourcecode.swift; path = Travellerhw5_3UITests.swift; sourceTree = "<group>"; };
		7F3DA2952033D3FD007944A1 /* Info.plist */ = {isa = PBXFileReference; lastKnownFileType = text.plist.xml; path = Info.plist; sourceTree = "<group>"; };
/* End PBXFileReference section */

/* Begin PBXFrameworksBuildPhase section */
		7F3DA26D2033D3FD007944A1 /* Frameworks */ = {
			isa = PBXFrameworksBuildPhase;
			buildActionMask = 2147483647;
			files = (
			);
			runOnlyForDeploymentPostprocessing = 0;
		};
		7F3DA2812033D3FD007944A1 /* Frameworks */ = {
			isa = PBXFrameworksBuildPhase;
			buildActionMask = 2147483647;
			files = (
			);
			runOnlyForDeploymentPostprocessing = 0;
		};
		7F3DA28C2033D3FD007944A1 /* Frameworks */ = {
			isa = PBXFrameworksBuildPhase;
			buildActionMask = 2147483647;
			files = (
			);
			runOnlyForDeploymentPostprocessing = 0;
		};
/* End PBXFrameworksBuildPhase section */

/* Begin PBXGroup section */
		7F3DA2672033D3FC007944A1 = {
			isa = PBXGroup;
			children = (
				7F3DA2722033D3FD007944A1 /* Travellerhw5_3 */,
				7F3DA2872033D3FD007944A1 /* Travellerhw5_3Tests */,
				7F3DA2922033D3FD007944A1 /* Travellerhw5_3UITests */,
				7F3DA2712033D3FD007944A1 /* Products */,
			);
			sourceTree = "<group>";
		};
		7F3DA2712033D3FD007944A1 /* Products */ = {
			isa = PBXGroup;
			children = (
				7F3DA2702033D3FD007944A1 /* Travellerhw5_3.app */,
				7F3DA2842033D3FD007944A1 /* Travellerhw5_3Tests.xctest */,
				7F3DA28F2033D3FD007944A1 /* Travellerhw5_3UITests.xctest */,
			);
			name = Products;
			sourceTree = "<group>";
		};
		7F3DA2722033D3FD007944A1 /* Travellerhw5_3 */ = {
			isa = PBXGroup;
			children = (
				7F3DA2732033D3FD007944A1 /* AppDelegate.swift */,
				7F3DA2752033D3FD007944A1 /* ViewController.swift */,
				7F3DA2772033D3FD007944A1 /* Main.storyboard */,
				7F3DA27A2033D3FD007944A1 /* Assets.xcassets */,
				7F3DA27C2033D3FD007944A1 /* LaunchScreen.storyboard */,
				7F3DA27F2033D3FD007944A1 /* Info.plist */,
			);
			path = Travellerhw5_3;
			sourceTree = "<group>";
		};
		7F3DA2872033D3FD007944A1 /* Travellerhw5_3Tests */ = {
			isa = PBXGroup;
			children = (
				7F3DA2882033D3FD007944A1 /* Travellerhw5_3Tests.swift */,
				7F3DA28A2033D3FD007944A1 /* Info.plist */,
			);
			path = Travellerhw5_3Tests;
			sourceTree = "<group>";
		};
		7F3DA2922033D3FD007944A1 /* Travellerhw5_3UITests */ = {
			isa = PBXGroup;
			children = (
				7F3DA2932033D3FD007944A1 /* Travellerhw5_3UITests.swift */,
				7F3DA2952033D3FD007944A1 /* Info.plist */,
			);
			path = Travellerhw5_3UITests;
			sourceTree = "<group>";
		};
/* End PBXGroup section */

/* Begin PBXNativeTarget section */
		7F3DA26F2033D3FD007944A1 /* Travellerhw5_3 */ = {
			isa = PBXNativeTarget;
			buildConfigurationList = 7F3DA2982033D3FD007944A1 /* Build configuration list for PBXNativeTarget "Travellerhw5_3" */;
			buildPhases = (
				7F3DA26C2033D3FD007944A1 /* Sources */,
				7F3DA26D2033D3FD007944A1 /* Frameworks */,
				7F3DA26E2033D3FD007944A1 /* Resources */,
			);
			buildRules = (
			);
			dependencies = (
			);
			name = Travellerhw5_3;
			productName = Travellerhw5_3;
			productReference = 7F3DA2702033D3FD007944A1 /* Travellerhw5_3.app */;
			productType = "com.apple.product-type.application";
		};
		7F3DA2832033D3FD007944A1 /* Travellerhw5_3Tests */ = {
			isa = PBXNativeTarget;
			buildConfigurationList = 7F3DA29B2033D3FD007944A1 /* Build configuration list for PBXNativeTarget "Travellerhw5_3Tests" */;
			buildPhases = (
				7F3DA2802033D3FD007944A1 /* Sources */,
				7F3DA2812033D3FD007944A1 /* Frameworks */,
				7F3DA2822033D3FD007944A1 /* Resources */,
			);
			buildRules = (
			);
			dependencies = (
				7F3DA2862033D3FD007944A1 /* PBXTargetDependency */,
			);
			name = Travellerhw5_3Tests;
			productName = Travellerhw5_3Tests;
			productReference = 7F3DA2842033D3FD007944A1 /* Travellerhw5_3Tests.xctest */;
			productType = "com.apple.product-type.bundle.unit-test";
		};
		7F3DA28E2033D3FD007944A1 /* Travellerhw5_3UITests */ = {
			isa = PBXNativeTarget;
			buildConfigurationList = 7F3DA29E2033D3FD007944A1 /* Build configuration list for PBXNativeTarget "Travellerhw5_3UITests" */;
			buildPhases = (
				7F3DA28B2033D3FD007944A1 /* Sources */,
				7F3DA28C2033D3FD007944A1 /* Frameworks */,
				7F3DA28D2033D3FD007944A1 /* Resources */,
			);
			buildRules = (
			);
			dependencies = (
				7F3DA2912033D3FD007944A1 /* PBXTargetDependency */,
			);
			name = Travellerhw5_3UITests;
			productName = Travellerhw5_3UITests;
			productReference = 7F3DA28F2033D3FD007944A1 /* Travellerhw5_3UITests.xctest */;
			productType = "com.apple.product-type.bundle.ui-testing";
		};
/* End PBXNativeTarget section */

/* Begin PBXProject section */
		7F3DA2682033D3FD007944A1 /* Project object */ = {
			isa = PBXProject;
			attributes = {
				LastSwiftUpdateCheck = 0920;
				LastUpgradeCheck = 0920;
				ORGANIZATIONNAME = "Jerdon Helgeson";
				TargetAttributes = {
					7F3DA26F2033D3FD007944A1 = {
						CreatedOnToolsVersion = 9.2;
						ProvisioningStyle = Automatic;
					};
					7F3DA2832033D3FD007944A1 = {
						CreatedOnToolsVersion = 9.2;
						ProvisioningStyle = Automatic;
						TestTargetID = 7F3DA26F2033D3FD007944A1;
					};
					7F3DA28E2033D3FD007944A1 = {
						CreatedOnToolsVersion = 9.2;
						ProvisioningStyle = Automatic;
						TestTargetID = 7F3DA26F2033D3FD007944A1;
					};
				};
			};
			buildConfigurationList = 7F3DA26B2033D3FD007944A1 /* Build configuration list for PBXProject "Travellerhw5_3" */;
			compatibilityVersion = "Xcode 8.0";
			developmentRegion = en;
			hasScannedForEncodings = 0;
			knownRegions = (
				en,
				Base,
			);
			mainGroup = 7F3DA2672033D3FC007944A1;
			productRefGroup = 7F3DA2712033D3FD007944A1 /* Products */;
			projectDirPath = "";
			projectRoot = "";
			targets = (
				7F3DA26F2033D3FD007944A1 /* Travellerhw5_3 */,
				7F3DA2832033D3FD007944A1 /* Travellerhw5_3Tests */,
				7F3DA28E2033D3FD007944A1 /* Travellerhw5_3UITests */,
			);
		};
/* End PBXProject section */

/* Begin PBXResourcesBuildPhase section */
		7F3DA26E2033D3FD007944A1 /* Resources */ = {
			isa = PBXResourcesBuildPhase;
			buildActionMask = 2147483647;
			files = (
				7F3DA27E2033D3FD007944A1 /* LaunchScreen.storyboard in Resources */,
				7F3DA27B2033D3FD007944A1 /* Assets.xcassets in Resources */,
				7F3DA2792033D3FD007944A1 /* Main.storyboard in Resources */,
			);
			runOnlyForDeploymentPostprocessing = 0;
		};
		7F3DA2822033D3FD007944A1 /* Resources */ = {
			isa = PBXResourcesBuildPhase;
			buildActionMask = 2147483647;
			files = (
			);
			runOnlyForDeploymentPostprocessing = 0;
		};
		7F3DA28D2033D3FD007944A1 /* Resources */ = {
			isa = PBXResourcesBuildPhase;
			buildActionMask = 2147483647;
			files = (
			);
			runOnlyForDeploymentPostprocessing = 0;
		};
/* End PBXResourcesBuildPhase section */

/* Begin PBXSourcesBuildPhase section */
		7F3DA26C2033D3FD007944A1 /* Sources */ = {
			isa = PBXSourcesBuildPhase;
			buildActionMask = 2147483647;
			files = (
				7F3DA2762033D3FD007944A1 /* ViewController.swift in Sources */,
				7F3DA2742033D3FD007944A1 /* AppDelegate.swift in Sources */,
			);
			runOnlyForDeploymentPostprocessing = 0;
		};
		7F3DA2802033D3FD007944A1 /* Sources */ = {
			isa = PBXSourcesBuildPhase;
			buildActionMask = 2147483647;
			files = (
				7F3DA2892033D3FD007944A1 /* Travellerhw5_3Tests.swift in Sources */,
			);
			runOnlyForDeploymentPostprocessing = 0;
		};
		7F3DA28B2033D3FD007944A1 /* Sources */ = {
			isa = PBXSourcesBuildPhase;
			buildActionMask = 2147483647;
			files = (
				7F3DA2942033D3FD007944A1 /* Travellerhw5_3UITests.swift in Sources */,
			);
			runOnlyForDeploymentPostprocessing = 0;
		};
/* End PBXSourcesBuildPhase section */

/* Begin PBXTargetDependency section */
		7F3DA2862033D3FD007944A1 /* PBXTargetDependency */ = {
			isa = PBXTargetDependency;
			target = 7F3DA26F2033D3FD007944A1 /* Travellerhw5_3 */;
			targetProxy = 7F3DA2852033D3FD007944A1 /* PBXContainerItemProxy */;
		};
		7F3DA2912033D3FD007944A1 /* PBXTargetDependency */ = {
			isa = PBXTargetDependency;
			target = 7F3DA26F2033D3FD007944A1 /* Travellerhw5_3 */;
			targetProxy = 7F3DA2902033D3FD007944A1 /* PBXContainerItemProxy */;
		};
/* End PBXTargetDependency section */

/* Begin PBXVariantGroup section */
		7F3DA2772033D3FD007944A1 /* Main.storyboard */ = {
			isa = PBXVariantGroup;
			children = (
				7F3DA2782033D3FD007944A1 /* Base */,
			);
			name = Main.storyboard;
			sourceTree = "<group>";
		};
		7F3DA27C2033D3FD007944A1 /* LaunchScreen.storyboard */ = {
			isa = PBXVariantGroup;
			children = (
				7F3DA27D2033D3FD007944A1 /* Base */,
			);
			name = LaunchScreen.storyboard;
			sourceTree = "<group>";
		};
/* End PBXVariantGroup section */

/* Begin XCBuildConfiguration section */
		7F3DA2962033D3FD007944A1 /* Debug */ = {
			isa = XCBuildConfiguration;
			buildSettings = {
				ALWAYS_SEARCH_USER_PATHS = NO;
				CLANG_ANALYZER_NONNULL = YES;
				CLANG_ANALYZER_NUMBER_OBJECT_CONVERSION = YES_AGGRESSIVE;
				CLANG_CXX_LANGUAGE_STANDARD = "gnu++14";
				CLANG_CXX_LIBRARY = "libc++";
				CLANG_ENABLE_MODULES = YES;
				CLANG_ENABLE_OBJC_ARC = YES;
				CLANG_WARN_BLOCK_CAPTURE_AUTORELEASING = YES;
				CLANG_WARN_BOOL_CONVERSION = YES;
				CLANG_WARN_COMMA = YES;
				CLANG_WARN_CONSTANT_CONVERSION = YES;
				CLANG_WARN_DIRECT_OBJC_ISA_USAGE = YES_ERROR;
				CLANG_WARN_DOCUMENTATION_COMMENTS = YES;
				CLANG_WARN_EMPTY_BODY = YES;
				CLANG_WARN_ENUM_CONVERSION = YES;
				CLANG_WARN_INFINITE_RECURSION = YES;
				CLANG_WARN_INT_CONVERSION = YES;
				CLANG_WARN_NON_LITERAL_NULL_CONVERSION = YES;
				CLANG_WARN_OBJC_LITERAL_CONVERSION = YES;
				CLANG_WARN_OBJC_ROOT_CLASS = YES_ERROR;
				CLANG_WARN_RANGE_LOOP_ANALYSIS = YES;
				CLANG_WARN_STRICT_PROTOTYPES = YES;
				CLANG_WARN_SUSPICIOUS_MOVE = YES;
				CLANG_WARN_UNGUARDED_AVAILABILITY = YES_AGGRESSIVE;
				CLANG_WARN_UNREACHABLE_CODE = YES;
				CLANG_WARN__DUPLICATE_METHOD_MATCH = YES;
				CODE_SIGN_IDENTITY = "iPhone Developer";
				COPY_PHASE_STRIP = NO;
				DEBUG_INFORMATION_FORMAT = dwarf;
				ENABLE_STRICT_OBJC_MSGSEND = YES;
				ENABLE_TESTABILITY = YES;
				GCC_C_LANGUAGE_STANDARD = gnu11;
				GCC_DYNAMIC_NO_PIC = NO;
				GCC_NO_COMMON_BLOCKS = YES;
				GCC_OPTIMIZATION_LEVEL = 0;
				GCC_PREPROCESSOR_DEFINITIONS = (
					"DEBUG=1",
					"$(inherited)",
				);
				GCC_WARN_64_TO_32_BIT_CONVERSION = YES;
				GCC_WARN_ABOUT_RETURN_TYPE = YES_ERROR;
				GCC_WARN_UNDECLARED_SELECTOR = YES;
				GCC_WARN_UNINITIALIZED_AUTOS = YES_AGGRESSIVE;
				GCC_WARN_UNUSED_FUNCTION = YES;
				GCC_WARN_UNUSED_VARIABLE = YES;
				IPHONEOS_DEPLOYMENT_TARGET = 11.2;
				MTL_ENABLE_DEBUG_INFO = YES;
				ONLY_ACTIVE_ARCH = YES;
				SDKROOT = iphoneos;
				SWIFT_ACTIVE_COMPILATION_CONDITIONS = DEBUG;
				SWIFT_OPTIMIZATION_LEVEL = "-Onone";
			};
			name = Debug;
		};
		7F3DA2972033D3FD007944A1 /* Release */ = {
			isa = XCBuildConfiguration;
			buildSettings = {
				ALWAYS_SEARCH_USER_PATHS = NO;
				CLANG_ANALYZER_NONNULL = YES;
				CLANG_ANALYZER_NUMBER_OBJECT_CONVERSION = YES_AGGRESSIVE;
				CLANG_CXX_LANGUAGE_STANDARD = "gnu++14";
				CLANG_CXX_LIBRARY = "libc++";
				CLANG_ENABLE_MODULES = YES;
				CLANG_ENABLE_OBJC_ARC = YES;
				CLANG_WARN_BLOCK_CAPTURE_AUTORELEASING = YES;
				CLANG_WARN_BOOL_CONVERSION = YES;
				CLANG_WARN_COMMA = YES;
				CLANG_WARN_CONSTANT_CONVERSION = YES;
				CLANG_WARN_DIRECT_OBJC_ISA_USAGE = YES_ERROR;
				CLANG_WARN_DOCUMENTATION_COMMENTS = YES;
				CLANG_WARN_EMPTY_BODY = YES;
				CLANG_WARN_ENUM_CONVERSION = YES;
				CLANG_WARN_INFINITE_RECURSION = YES;
				CLANG_WARN_INT_CONVERSION = YES;
				CLANG_WARN_NON_LITERAL_NULL_CONVERSION = YES;
				CLANG_WARN_OBJC_LITERAL_CONVERSION = YES;
				CLANG_WARN_OBJC_ROOT_CLASS = YES_ERROR;
				CLANG_WARN_RANGE_LOOP_ANALYSIS = YES;
				CLANG_WARN_STRICT_PROTOTYPES = YES;
				CLANG_WARN_SUSPICIOUS_MOVE = YES;
				CLANG_WARN_UNGUARDED_AVAILABILITY = YES_AGGRESSIVE;
				CLANG_WARN_UNREACHABLE_CODE = YES;
				CLANG_WARN__DUPLICATE_METHOD_MATCH = YES;
				CODE_SIGN_IDENTITY = "iPhone Developer";
				COPY_PHASE_STRIP = NO;
				DEBUG_INFORMATION_FORMAT = "dwarf-with-dsym";
				ENABLE_NS_ASSERTIONS = NO;
				ENABLE_STRICT_OBJC_MSGSEND = YES;
				GCC_C_LANGUAGE_STANDARD = gnu11;
				GCC_NO_COMMON_BLOCKS = YES;
				GCC_WARN_64_TO_32_BIT_CONVERSION = YES;
				GCC_WARN_ABOUT_RETURN_TYPE = YES_ERROR;
				GCC_WARN_UNDECLARED_SELECTOR = YES;
				GCC_WARN_UNINITIALIZED_AUTOS = YES_AGGRESSIVE;
				GCC_WARN_UNUSED_FUNCTION = YES;
				GCC_WARN_UNUSED_VARIABLE = YES;
				IPHONEOS_DEPLOYMENT_TARGET = 11.2;
				MTL_ENABLE_DEBUG_INFO = NO;
				SDKROOT = iphoneos;
				SWIFT_OPTIMIZATION_LEVEL = "-Owholemodule";
				VALIDATE_PRODUCT = YES;
			};
			name = Release;
		};
		7F3DA2992033D3FD007944A1 /* Debug */ = {
			isa = XCBuildConfiguration;
			buildSettings = {
				ASSETCATALOG_COMPILER_APPICON_NAME = AppIcon;
				CODE_SIGN_STYLE = Automatic;
				DEVELOPMENT_TEAM = GZYDG2YZQM;
				INFOPLIST_FILE = Travellerhw5_3/Info.plist;
				LD_RUNPATH_SEARCH_PATHS = "$(inherited) @executable_path/Frameworks";
				PRODUCT_BUNDLE_IDENTIFIER = "whatDoesThisDo.Travellerhw5-3";
				PRODUCT_NAME = "$(TARGET_NAME)";
				SWIFT_VERSION = 4.0;
				TARGETED_DEVICE_FAMILY = "1,2";
			};
			name = Debug;
		};
		7F3DA29A2033D3FD007944A1 /* Release */ = {
			isa = XCBuildConfiguration;
			buildSettings = {
				ASSETCATALOG_COMPILER_APPICON_NAME = AppIcon;
				CODE_SIGN_STYLE = Automatic;
				DEVELOPMENT_TEAM = GZYDG2YZQM;
				INFOPLIST_FILE = Travellerhw5_3/Info.plist;
				LD_RUNPATH_SEARCH_PATHS = "$(inherited) @executable_path/Frameworks";
				PRODUCT_BUNDLE_IDENTIFIER = "whatDoesThisDo.Travellerhw5-3";
				PRODUCT_NAME = "$(TARGET_NAME)";
				SWIFT_VERSION = 4.0;
				TARGETED_DEVICE_FAMILY = "1,2";
			};
			name = Release;
		};
		7F3DA29C2033D3FD007944A1 /* Debug */ = {
			isa = XCBuildConfiguration;
			buildSettings = {
				ALWAYS_EMBED_SWIFT_STANDARD_LIBRARIES = YES;
				BUNDLE_LOADER = "$(TEST_HOST)";
				CODE_SIGN_STYLE = Automatic;
				DEVELOPMENT_TEAM = GZYDG2YZQM;
				INFOPLIST_FILE = Travellerhw5_3Tests/Info.plist;
				LD_RUNPATH_SEARCH_PATHS = "$(inherited) @executable_path/Frameworks @loader_path/Frameworks";
				PRODUCT_BUNDLE_IDENTIFIER = "whatDoesThisDo.Travellerhw5-3Tests";
				PRODUCT_NAME = "$(TARGET_NAME)";
				SWIFT_VERSION = 4.0;
				TARGETED_DEVICE_FAMILY = "1,2";
				TEST_HOST = "$(BUILT_PRODUCTS_DIR)/Travellerhw5_3.app/Travellerhw5_3";
			};
			name = Debug;
		};
		7F3DA29D2033D3FD007944A1 /* Release */ = {
			isa = XCBuildConfiguration;
			buildSettings = {
				ALWAYS_EMBED_SWIFT_STANDARD_LIBRARIES = YES;
				BUNDLE_LOADER = "$(TEST_HOST)";
				CODE_SIGN_STYLE = Automatic;
				DEVELOPMENT_TEAM = GZYDG2YZQM;
				INFOPLIST_FILE = Travellerhw5_3Tests/Info.plist;
				LD_RUNPATH_SEARCH_PATHS = "$(inherited) @executable_path/Frameworks @loader_path/Frameworks";
				PRODUCT_BUNDLE_IDENTIFIER = "whatDoesThisDo.Travellerhw5-3Tests";
				PRODUCT_NAME = "$(TARGET_NAME)";
				SWIFT_VERSION = 4.0;
				TARGETED_DEVICE_FAMILY = "1,2";
				TEST_HOST = "$(BUILT_PRODUCTS_DIR)/Travellerhw5_3.app/Travellerhw5_3";
			};
			name = Release;
		};
		7F3DA29F2033D3FD007944A1 /* Debug */ = {
			isa = XCBuildConfiguration;
			buildSettings = {
				ALWAYS_EMBED_SWIFT_STANDARD_LIBRARIES = YES;
				CODE_SIGN_STYLE = Automatic;
				DEVELOPMENT_TEAM = GZYDG2YZQM;
				INFOPLIST_FILE = Travellerhw5_3UITests/Info.plist;
				LD_RUNPATH_SEARCH_PATHS = "$(inherited) @executable_path/Frameworks @loader_path/Frameworks";
				PRODUCT_BUNDLE_IDENTIFIER = "whatDoesThisDo.Travellerhw5-3UITests";
				PRODUCT_NAME = "$(TARGET_NAME)";
				SWIFT_VERSION = 4.0;
				TARGETED_DEVICE_FAMILY = "1,2";
				TEST_TARGET_NAME = Travellerhw5_3;
			};
			name = Debug;
		};
		7F3DA2A02033D3FD007944A1 /* Release */ = {
			isa = XCBuildConfiguration;
			buildSettings = {
				ALWAYS_EMBED_SWIFT_STANDARD_LIBRARIES = YES;
				CODE_SIGN_STYLE = Automatic;
				DEVELOPMENT_TEAM = GZYDG2YZQM;
				INFOPLIST_FILE = Travellerhw5_3UITests/Info.plist;
				LD_RUNPATH_SEARCH_PATHS = "$(inherited) @executable_path/Frameworks @loader_path/Frameworks";
				PRODUCT_BUNDLE_IDENTIFIER = "whatDoesThisDo.Travellerhw5-3UITests";
				PRODUCT_NAME = "$(TARGET_NAME)";
				SWIFT_VERSION = 4.0;
				TARGETED_DEVICE_FAMILY = "1,2";
				TEST_TARGET_NAME = Travellerhw5_3;
			};
			name = Release;
		};
/* End XCBuildConfiguration section */

/* Begin XCConfigurationList section */
		7F3DA26B2033D3FD007944A1 /* Build configuration list for PBXProject "Travellerhw5_3" */ = {
			isa = XCConfigurationList;
			buildConfigurations = (
				7F3DA2962033D3FD007944A1 /* Debug */,
				7F3DA2972033D3FD007944A1 /* Release */,
			);
			defaultConfigurationIsVisible = 0;
			defaultConfigurationName = Release;
		};
		7F3DA2982033D3FD007944A1 /* Build configuration list for PBXNativeTarget "Travellerhw5_3" */ = {
			isa = XCConfigurationList;
			buildConfigurations = (
				7F3DA2992033D3FD007944A1 /* Debug */,
				7F3DA29A2033D3FD007944A1 /* Release */,
			);
			defaultConfigurationIsVisible = 0;
			defaultConfigurationName = Release;
		};
		7F3DA29B2033D3FD007944A1 /* Build configuration list for PBXNativeTarget "Travellerhw5_3Tests" */ = {
			isa = XCConfigurationList;
			buildConfigurations = (
				7F3DA29C2033D3FD007944A1 /* Debug */,
				7F3DA29D2033D3FD007944A1 /* Release */,
			);
			defaultConfigurationIsVisible = 0;
			defaultConfigurationName = Release;
		};
		7F3DA29E2033D3FD007944A1 /* Build configuration list for PBXNativeTarget "Travellerhw5_3UITests" */ = {
			isa = XCConfigurationList;
			buildConfigurations = (
				7F3DA29F2033D3FD007944A1 /* Debug */,
				7F3DA2A02033D3FD007944A1 /* Release */,
			);
			defaultConfigurationIsVisible = 0;
			defaultConfigurationName = Release;
		};
/* End XCConfigurationList section */
	};
	rootObject = 7F3DA2682033D3FD007944A1 /* Project object */;
}
