// !$*UTF8*$!
{
	archiveVersion = 1;
	classes = {
	};
	objectVersion = 48;
	objects = {

/* Begin PBXBuildFile section */
		7FCB1CD9206AD924005ABED5 /* AppDelegate.swift in Sources */ = {isa = PBXBuildFile; fileRef = 7FCB1CD8206AD924005ABED5 /* AppDelegate.swift */; };
		7FCB1CDB206AD924005ABED5 /* ViewController.swift in Sources */ = {isa = PBXBuildFile; fileRef = 7FCB1CDA206AD924005ABED5 /* ViewController.swift */; };
		7FCB1CDE206AD924005ABED5 /* Main.storyboard in Resources */ = {isa = PBXBuildFile; fileRef = 7FCB1CDC206AD924005ABED5 /* Main.storyboard */; };
		7FCB1CE0206AD924005ABED5 /* Assets.xcassets in Resources */ = {isa = PBXBuildFile; fileRef = 7FCB1CDF206AD924005ABED5 /* Assets.xcassets */; };
		7FCB1CE3206AD924005ABED5 /* LaunchScreen.storyboard in Resources */ = {isa = PBXBuildFile; fileRef = 7FCB1CE1206AD924005ABED5 /* LaunchScreen.storyboard */; };
		7FCB1CEE206AD925005ABED5 /* Helgeson_Jerdon_Hw9Tests.swift in Sources */ = {isa = PBXBuildFile; fileRef = 7FCB1CED206AD925005ABED5 /* Helgeson_Jerdon_Hw9Tests.swift */; };
		7FCB1CF9206AD925005ABED5 /* Helgeson_Jerdon_Hw9UITests.swift in Sources */ = {isa = PBXBuildFile; fileRef = 7FCB1CF8206AD925005ABED5 /* Helgeson_Jerdon_Hw9UITests.swift */; };
		7FCB1D08206AE1AF005ABED5 /* CoreLocation.framework in Frameworks */ = {isa = PBXBuildFile; fileRef = 7FCB1D07206AE1AF005ABED5 /* CoreLocation.framework */; };
/* End PBXBuildFile section */

/* Begin PBXContainerItemProxy section */
		7FCB1CEA206AD925005ABED5 /* PBXContainerItemProxy */ = {
			isa = PBXContainerItemProxy;
			containerPortal = 7FCB1CCD206AD924005ABED5 /* Project object */;
			proxyType = 1;
			remoteGlobalIDString = 7FCB1CD4206AD924005ABED5;
			remoteInfo = "Helgeson-Jerdon_Hw9";
		};
		7FCB1CF5206AD925005ABED5 /* PBXContainerItemProxy */ = {
			isa = PBXContainerItemProxy;
			containerPortal = 7FCB1CCD206AD924005ABED5 /* Project object */;
			proxyType = 1;
			remoteGlobalIDString = 7FCB1CD4206AD924005ABED5;
			remoteInfo = "Helgeson-Jerdon_Hw9";
		};
/* End PBXContainerItemProxy section */

/* Begin PBXFileReference section */
		7FCB1CD5206AD924005ABED5 /* Helgeson-Jerdon_Hw9.app */ = {isa = PBXFileReference; explicitFileType = wrapper.application; includeInIndex = 0; path = "Helgeson-Jerdon_Hw9.app"; sourceTree = BUILT_PRODUCTS_DIR; };
		7FCB1CD8206AD924005ABED5 /* AppDelegate.swift */ = {isa = PBXFileReference; lastKnownFileType = sourcecode.swift; path = AppDelegate.swift; sourceTree = "<group>"; };
		7FCB1CDA206AD924005ABED5 /* ViewController.swift */ = {isa = PBXFileReference; lastKnownFileType = sourcecode.swift; path = ViewController.swift; sourceTree = "<group>"; };
		7FCB1CDD206AD924005ABED5 /* Base */ = {isa = PBXFileReference; lastKnownFileType = file.storyboard; name = Base; path = Base.lproj/Main.storyboard; sourceTree = "<group>"; };
		7FCB1CDF206AD924005ABED5 /* Assets.xcassets */ = {isa = PBXFileReference; lastKnownFileType = folder.assetcatalog; path = Assets.xcassets; sourceTree = "<group>"; };
		7FCB1CE2206AD924005ABED5 /* Base */ = {isa = PBXFileReference; lastKnownFileType = file.storyboard; name = Base; path = Base.lproj/LaunchScreen.storyboard; sourceTree = "<group>"; };
		7FCB1CE4206AD924005ABED5 /* Info.plist */ = {isa = PBXFileReference; lastKnownFileType = text.plist.xml; path = Info.plist; sourceTree = "<group>"; };
		7FCB1CE9206AD925005ABED5 /* Helgeson-Jerdon_Hw9Tests.xctest */ = {isa = PBXFileReference; explicitFileType = wrapper.cfbundle; includeInIndex = 0; path = "Helgeson-Jerdon_Hw9Tests.xctest"; sourceTree = BUILT_PRODUCTS_DIR; };
		7FCB1CED206AD925005ABED5 /* Helgeson_Jerdon_Hw9Tests.swift */ = {isa = PBXFileReference; lastKnownFileType = sourcecode.swift; path = Helgeson_Jerdon_Hw9Tests.swift; sourceTree = "<group>"; };
		7FCB1CEF206AD925005ABED5 /* Info.plist */ = {isa = PBXFileReference; lastKnownFileType = text.plist.xml; path = Info.plist; sourceTree = "<group>"; };
		7FCB1CF4206AD925005ABED5 /* Helgeson-Jerdon_Hw9UITests.xctest */ = {isa = PBXFileReference; explicitFileType = wrapper.cfbundle; includeInIndex = 0; path = "Helgeson-Jerdon_Hw9UITests.xctest"; sourceTree = BUILT_PRODUCTS_DIR; };
		7FCB1CF8206AD925005ABED5 /* Helgeson_Jerdon_Hw9UITests.swift */ = {isa = PBXFileReference; lastKnownFileType = sourcecode.swift; path = Helgeson_Jerdon_Hw9UITests.swift; sourceTree = "<group>"; };
		7FCB1CFA206AD925005ABED5 /* Info.plist */ = {isa = PBXFileReference; lastKnownFileType = text.plist.xml; path = Info.plist; sourceTree = "<group>"; };
		7FCB1D07206AE1AF005ABED5 /* CoreLocation.framework */ = {isa = PBXFileReference; lastKnownFileType = wrapper.framework; name = CoreLocation.framework; path = System/Library/Frameworks/CoreLocation.framework; sourceTree = SDKROOT; };
/* End PBXFileReference section */

/* Begin PBXFrameworksBuildPhase section */
		7FCB1CD2206AD924005ABED5 /* Frameworks */ = {
			isa = PBXFrameworksBuildPhase;
			buildActionMask = 2147483647;
			files = (
				7FCB1D08206AE1AF005ABED5 /* CoreLocation.framework in Frameworks */,
			);
			runOnlyForDeploymentPostprocessing = 0;
		};
		7FCB1CE6206AD925005ABED5 /* Frameworks */ = {
			isa = PBXFrameworksBuildPhase;
			buildActionMask = 2147483647;
			files = (
			);
			runOnlyForDeploymentPostprocessing = 0;
		};
		7FCB1CF1206AD925005ABED5 /* Frameworks */ = {
			isa = PBXFrameworksBuildPhase;
			buildActionMask = 2147483647;
			files = (
			);
			runOnlyForDeploymentPostprocessing = 0;
		};
/* End PBXFrameworksBuildPhase section */

/* Begin PBXGroup section */
		7FCB1CCC206AD924005ABED5 = {
			isa = PBXGroup;
			children = (
				7FCB1CD7206AD924005ABED5 /* Helgeson-Jerdon_Hw9 */,
				7FCB1CEC206AD925005ABED5 /* Helgeson-Jerdon_Hw9Tests */,
				7FCB1CF7206AD925005ABED5 /* Helgeson-Jerdon_Hw9UITests */,
				7FCB1CD6206AD924005ABED5 /* Products */,
				7FCB1D06206AE1AE005ABED5 /* Frameworks */,
			);
			sourceTree = "<group>";
		};
		7FCB1CD6206AD924005ABED5 /* Products */ = {
			isa = PBXGroup;
			children = (
				7FCB1CD5206AD924005ABED5 /* Helgeson-Jerdon_Hw9.app */,
				7FCB1CE9206AD925005ABED5 /* Helgeson-Jerdon_Hw9Tests.xctest */,
				7FCB1CF4206AD925005ABED5 /* Helgeson-Jerdon_Hw9UITests.xctest */,
			);
			name = Products;
			sourceTree = "<group>";
		};
		7FCB1CD7206AD924005ABED5 /* Helgeson-Jerdon_Hw9 */ = {
			isa = PBXGroup;
			children = (
				7FCB1CD8206AD924005ABED5 /* AppDelegate.swift */,
				7FCB1CDA206AD924005ABED5 /* ViewController.swift */,
				7FCB1CDC206AD924005ABED5 /* Main.storyboard */,
				7FCB1CDF206AD924005ABED5 /* Assets.xcassets */,
				7FCB1CE1206AD924005ABED5 /* LaunchScreen.storyboard */,
				7FCB1CE4206AD924005ABED5 /* Info.plist */,
			);
			path = "Helgeson-Jerdon_Hw9";
			sourceTree = "<group>";
		};
		7FCB1CEC206AD925005ABED5 /* Helgeson-Jerdon_Hw9Tests */ = {
			isa = PBXGroup;
			children = (
				7FCB1CED206AD925005ABED5 /* Helgeson_Jerdon_Hw9Tests.swift */,
				7FCB1CEF206AD925005ABED5 /* Info.plist */,
			);
			path = "Helgeson-Jerdon_Hw9Tests";
			sourceTree = "<group>";
		};
		7FCB1CF7206AD925005ABED5 /* Helgeson-Jerdon_Hw9UITests */ = {
			isa = PBXGroup;
			children = (
				7FCB1CF8206AD925005ABED5 /* Helgeson_Jerdon_Hw9UITests.swift */,
				7FCB1CFA206AD925005ABED5 /* Info.plist */,
			);
			path = "Helgeson-Jerdon_Hw9UITests";
			sourceTree = "<group>";
		};
		7FCB1D06206AE1AE005ABED5 /* Frameworks */ = {
			isa = PBXGroup;
			children = (
				7FCB1D07206AE1AF005ABED5 /* CoreLocation.framework */,
			);
			name = Frameworks;
			sourceTree = "<group>";
		};
/* End PBXGroup section */

/* Begin PBXNativeTarget section */
		7FCB1CD4206AD924005ABED5 /* Helgeson-Jerdon_Hw9 */ = {
			isa = PBXNativeTarget;
			buildConfigurationList = 7FCB1CFD206AD925005ABED5 /* Build configuration list for PBXNativeTarget "Helgeson-Jerdon_Hw9" */;
			buildPhases = (
				7FCB1CD1206AD924005ABED5 /* Sources */,
				7FCB1CD2206AD924005ABED5 /* Frameworks */,
				7FCB1CD3206AD924005ABED5 /* Resources */,
			);
			buildRules = (
			);
			dependencies = (
			);
			name = "Helgeson-Jerdon_Hw9";
			productName = "Helgeson-Jerdon_Hw9";
			productReference = 7FCB1CD5206AD924005ABED5 /* Helgeson-Jerdon_Hw9.app */;
			productType = "com.apple.product-type.application";
		};
		7FCB1CE8206AD925005ABED5 /* Helgeson-Jerdon_Hw9Tests */ = {
			isa = PBXNativeTarget;
			buildConfigurationList = 7FCB1D00206AD925005ABED5 /* Build configuration list for PBXNativeTarget "Helgeson-Jerdon_Hw9Tests" */;
			buildPhases = (
				7FCB1CE5206AD925005ABED5 /* Sources */,
				7FCB1CE6206AD925005ABED5 /* Frameworks */,
				7FCB1CE7206AD925005ABED5 /* Resources */,
			);
			buildRules = (
			);
			dependencies = (
				7FCB1CEB206AD925005ABED5 /* PBXTargetDependency */,
			);
			name = "Helgeson-Jerdon_Hw9Tests";
			productName = "Helgeson-Jerdon_Hw9Tests";
			productReference = 7FCB1CE9206AD925005ABED5 /* Helgeson-Jerdon_Hw9Tests.xctest */;
			productType = "com.apple.product-type.bundle.unit-test";
		};
		7FCB1CF3206AD925005ABED5 /* Helgeson-Jerdon_Hw9UITests */ = {
			isa = PBXNativeTarget;
			buildConfigurationList = 7FCB1D03206AD925005ABED5 /* Build configuration list for PBXNativeTarget "Helgeson-Jerdon_Hw9UITests" */;
			buildPhases = (
				7FCB1CF0206AD925005ABED5 /* Sources */,
				7FCB1CF1206AD925005ABED5 /* Frameworks */,
				7FCB1CF2206AD925005ABED5 /* Resources */,
			);
			buildRules = (
			);
			dependencies = (
				7FCB1CF6206AD925005ABED5 /* PBXTargetDependency */,
			);
			name = "Helgeson-Jerdon_Hw9UITests";
			productName = "Helgeson-Jerdon_Hw9UITests";
			productReference = 7FCB1CF4206AD925005ABED5 /* Helgeson-Jerdon_Hw9UITests.xctest */;
			productType = "com.apple.product-type.bundle.ui-testing";
		};
/* End PBXNativeTarget section */

/* Begin PBXProject section */
		7FCB1CCD206AD924005ABED5 /* Project object */ = {
			isa = PBXProject;
			attributes = {
				LastSwiftUpdateCheck = 0920;
				LastUpgradeCheck = 0920;
				ORGANIZATIONNAME = "Jerdon Helgeson";
				TargetAttributes = {
					7FCB1CD4206AD924005ABED5 = {
						CreatedOnToolsVersion = 9.2;
						ProvisioningStyle = Automatic;
					};
					7FCB1CE8206AD925005ABED5 = {
						CreatedOnToolsVersion = 9.2;
						ProvisioningStyle = Automatic;
						TestTargetID = 7FCB1CD4206AD924005ABED5;
					};
					7FCB1CF3206AD925005ABED5 = {
						CreatedOnToolsVersion = 9.2;
						ProvisioningStyle = Automatic;
						TestTargetID = 7FCB1CD4206AD924005ABED5;
					};
				};
			};
			buildConfigurationList = 7FCB1CD0206AD924005ABED5 /* Build configuration list for PBXProject "Helgeson-Jerdon_Hw9" */;
			compatibilityVersion = "Xcode 8.0";
			developmentRegion = en;
			hasScannedForEncodings = 0;
			knownRegions = (
				en,
				Base,
			);
			mainGroup = 7FCB1CCC206AD924005ABED5;
			productRefGroup = 7FCB1CD6206AD924005ABED5 /* Products */;
			projectDirPath = "";
			projectRoot = "";
			targets = (
				7FCB1CD4206AD924005ABED5 /* Helgeson-Jerdon_Hw9 */,
				7FCB1CE8206AD925005ABED5 /* Helgeson-Jerdon_Hw9Tests */,
				7FCB1CF3206AD925005ABED5 /* Helgeson-Jerdon_Hw9UITests */,
			);
		};
/* End PBXProject section */

/* Begin PBXResourcesBuildPhase section */
		7FCB1CD3206AD924005ABED5 /* Resources */ = {
			isa = PBXResourcesBuildPhase;
			buildActionMask = 2147483647;
			files = (
				7FCB1CE3206AD924005ABED5 /* LaunchScreen.storyboard in Resources */,
				7FCB1CE0206AD924005ABED5 /* Assets.xcassets in Resources */,
				7FCB1CDE206AD924005ABED5 /* Main.storyboard in Resources */,
			);
			runOnlyForDeploymentPostprocessing = 0;
		};
		7FCB1CE7206AD925005ABED5 /* Resources */ = {
			isa = PBXResourcesBuildPhase;
			buildActionMask = 2147483647;
			files = (
			);
			runOnlyForDeploymentPostprocessing = 0;
		};
		7FCB1CF2206AD925005ABED5 /* Resources */ = {
			isa = PBXResourcesBuildPhase;
			buildActionMask = 2147483647;
			files = (
			);
			runOnlyForDeploymentPostprocessing = 0;
		};
/* End PBXResourcesBuildPhase section */

/* Begin PBXSourcesBuildPhase section */
		7FCB1CD1206AD924005ABED5 /* Sources */ = {
			isa = PBXSourcesBuildPhase;
			buildActionMask = 2147483647;
			files = (
				7FCB1CDB206AD924005ABED5 /* ViewController.swift in Sources */,
				7FCB1CD9206AD924005ABED5 /* AppDelegate.swift in Sources */,
			);
			runOnlyForDeploymentPostprocessing = 0;
		};
		7FCB1CE5206AD925005ABED5 /* Sources */ = {
			isa = PBXSourcesBuildPhase;
			buildActionMask = 2147483647;
			files = (
				7FCB1CEE206AD925005ABED5 /* Helgeson_Jerdon_Hw9Tests.swift in Sources */,
			);
			runOnlyForDeploymentPostprocessing = 0;
		};
		7FCB1CF0206AD925005ABED5 /* Sources */ = {
			isa = PBXSourcesBuildPhase;
			buildActionMask = 2147483647;
			files = (
				7FCB1CF9206AD925005ABED5 /* Helgeson_Jerdon_Hw9UITests.swift in Sources */,
			);
			runOnlyForDeploymentPostprocessing = 0;
		};
/* End PBXSourcesBuildPhase section */

/* Begin PBXTargetDependency section */
		7FCB1CEB206AD925005ABED5 /* PBXTargetDependency */ = {
			isa = PBXTargetDependency;
			target = 7FCB1CD4206AD924005ABED5 /* Helgeson-Jerdon_Hw9 */;
			targetProxy = 7FCB1CEA206AD925005ABED5 /* PBXContainerItemProxy */;
		};
		7FCB1CF6206AD925005ABED5 /* PBXTargetDependency */ = {
			isa = PBXTargetDependency;
			target = 7FCB1CD4206AD924005ABED5 /* Helgeson-Jerdon_Hw9 */;
			targetProxy = 7FCB1CF5206AD925005ABED5 /* PBXContainerItemProxy */;
		};
/* End PBXTargetDependency section */

/* Begin PBXVariantGroup section */
		7FCB1CDC206AD924005ABED5 /* Main.storyboard */ = {
			isa = PBXVariantGroup;
			children = (
				7FCB1CDD206AD924005ABED5 /* Base */,
			);
			name = Main.storyboard;
			sourceTree = "<group>";
		};
		7FCB1CE1206AD924005ABED5 /* LaunchScreen.storyboard */ = {
			isa = PBXVariantGroup;
			children = (
				7FCB1CE2206AD924005ABED5 /* Base */,
			);
			name = LaunchScreen.storyboard;
			sourceTree = "<group>";
		};
/* End PBXVariantGroup section */

/* Begin XCBuildConfiguration section */
		7FCB1CFB206AD925005ABED5 /* Debug */ = {
			isa = XCBuildConfiguration;
			buildSettings = {
				ALWAYS_SEARCH_USER_PATHS = NO;
				CLANG_ANALYZER_NONNULL = YES;
				CLANG_ANALYZER_NUMBER_OBJECT_CONVERSION = YES_AGGRESSIVE;
				CLANG_CXX_LANGUAGE_STANDARD = "gnu++14";
				CLANG_CXX_LIBRARY = "libc++";
				CLANG_ENABLE_MODULES = YES;
				CLANG_ENABLE_OBJC_ARC = YES;
				CLANG_WARN_BLOCK_CAPTURE_AUTORELEASING = YES;
				CLANG_WARN_BOOL_CONVERSION = YES;
				CLANG_WARN_COMMA = YES;
				CLANG_WARN_CONSTANT_CONVERSION = YES;
				CLANG_WARN_DIRECT_OBJC_ISA_USAGE = YES_ERROR;
				CLANG_WARN_DOCUMENTATION_COMMENTS = YES;
				CLANG_WARN_EMPTY_BODY = YES;
				CLANG_WARN_ENUM_CONVERSION = YES;
				CLANG_WARN_INFINITE_RECURSION = YES;
				CLANG_WARN_INT_CONVERSION = YES;
				CLANG_WARN_NON_LITERAL_NULL_CONVERSION = YES;
				CLANG_WARN_OBJC_LITERAL_CONVERSION = YES;
				CLANG_WARN_OBJC_ROOT_CLASS = YES_ERROR;
				CLANG_WARN_RANGE_LOOP_ANALYSIS = YES;
				CLANG_WARN_STRICT_PROTOTYPES = YES;
				CLANG_WARN_SUSPICIOUS_MOVE = YES;
				CLANG_WARN_UNGUARDED_AVAILABILITY = YES_AGGRESSIVE;
				CLANG_WARN_UNREACHABLE_CODE = YES;
				CLANG_WARN__DUPLICATE_METHOD_MATCH = YES;
				CODE_SIGN_IDENTITY = "iPhone Developer";
				COPY_PHASE_STRIP = NO;
				DEBUG_INFORMATION_FORMAT = dwarf;
				ENABLE_STRICT_OBJC_MSGSEND = YES;
				ENABLE_TESTABILITY = YES;
				GCC_C_LANGUAGE_STANDARD = gnu11;
				GCC_DYNAMIC_NO_PIC = NO;
				GCC_NO_COMMON_BLOCKS = YES;
				GCC_OPTIMIZATION_LEVEL = 0;
				GCC_PREPROCESSOR_DEFINITIONS = (
					"DEBUG=1",
					"$(inherited)",
				);
				GCC_WARN_64_TO_32_BIT_CONVERSION = YES;
				GCC_WARN_ABOUT_RETURN_TYPE = YES_ERROR;
				GCC_WARN_UNDECLARED_SELECTOR = YES;
				GCC_WARN_UNINITIALIZED_AUTOS = YES_AGGRESSIVE;
				GCC_WARN_UNUSED_FUNCTION = YES;
				GCC_WARN_UNUSED_VARIABLE = YES;
				IPHONEOS_DEPLOYMENT_TARGET = 11.2;
				MTL_ENABLE_DEBUG_INFO = YES;
				ONLY_ACTIVE_ARCH = YES;
				SDKROOT = iphoneos;
				SWIFT_ACTIVE_COMPILATION_CONDITIONS = DEBUG;
				SWIFT_OPTIMIZATION_LEVEL = "-Onone";
			};
			name = Debug;
		};
		7FCB1CFC206AD925005ABED5 /* Release */ = {
			isa = XCBuildConfiguration;
			buildSettings = {
				ALWAYS_SEARCH_USER_PATHS = NO;
				CLANG_ANALYZER_NONNULL = YES;
				CLANG_ANALYZER_NUMBER_OBJECT_CONVERSION = YES_AGGRESSIVE;
				CLANG_CXX_LANGUAGE_STANDARD = "gnu++14";
				CLANG_CXX_LIBRARY = "libc++";
				CLANG_ENABLE_MODULES = YES;
				CLANG_ENABLE_OBJC_ARC = YES;
				CLANG_WARN_BLOCK_CAPTURE_AUTORELEASING = YES;
				CLANG_WARN_BOOL_CONVERSION = YES;
				CLANG_WARN_COMMA = YES;
				CLANG_WARN_CONSTANT_CONVERSION = YES;
				CLANG_WARN_DIRECT_OBJC_ISA_USAGE = YES_ERROR;
				CLANG_WARN_DOCUMENTATION_COMMENTS = YES;
				CLANG_WARN_EMPTY_BODY = YES;
				CLANG_WARN_ENUM_CONVERSION = YES;
				CLANG_WARN_INFINITE_RECURSION = YES;
				CLANG_WARN_INT_CONVERSION = YES;
				CLANG_WARN_NON_LITERAL_NULL_CONVERSION = YES;
				CLANG_WARN_OBJC_LITERAL_CONVERSION = YES;
				CLANG_WARN_OBJC_ROOT_CLASS = YES_ERROR;
				CLANG_WARN_RANGE_LOOP_ANALYSIS = YES;
				CLANG_WARN_STRICT_PROTOTYPES = YES;
				CLANG_WARN_SUSPICIOUS_MOVE = YES;
				CLANG_WARN_UNGUARDED_AVAILABILITY = YES_AGGRESSIVE;
				CLANG_WARN_UNREACHABLE_CODE = YES;
				CLANG_WARN__DUPLICATE_METHOD_MATCH = YES;
				CODE_SIGN_IDENTITY = "iPhone Developer";
				COPY_PHASE_STRIP = NO;
				DEBUG_INFORMATION_FORMAT = "dwarf-with-dsym";
				ENABLE_NS_ASSERTIONS = NO;
				ENABLE_STRICT_OBJC_MSGSEND = YES;
				GCC_C_LANGUAGE_STANDARD = gnu11;
				GCC_NO_COMMON_BLOCKS = YES;
				GCC_WARN_64_TO_32_BIT_CONVERSION = YES;
				GCC_WARN_ABOUT_RETURN_TYPE = YES_ERROR;
				GCC_WARN_UNDECLARED_SELECTOR = YES;
				GCC_WARN_UNINITIALIZED_AUTOS = YES_AGGRESSIVE;
				GCC_WARN_UNUSED_FUNCTION = YES;
				GCC_WARN_UNUSED_VARIABLE = YES;
				IPHONEOS_DEPLOYMENT_TARGET = 11.2;
				MTL_ENABLE_DEBUG_INFO = NO;
				SDKROOT = iphoneos;
				SWIFT_OPTIMIZATION_LEVEL = "-Owholemodule";
				VALIDATE_PRODUCT = YES;
			};
			name = Release;
		};
		7FCB1CFE206AD925005ABED5 /* Debug */ = {
			isa = XCBuildConfiguration;
			buildSettings = {
				ASSETCATALOG_COMPILER_APPICON_NAME = AppIcon;
				CODE_SIGN_STYLE = Automatic;
				DEVELOPMENT_TEAM = GZYDG2YZQM;
				INFOPLIST_FILE = "Helgeson-Jerdon_Hw9/Info.plist";
				LD_RUNPATH_SEARCH_PATHS = "$(inherited) @executable_path/Frameworks";
				PRODUCT_BUNDLE_IDENTIFIER = "whatDoesThisDo.Helgeson-Jerdon-Hw9";
				PRODUCT_NAME = "$(TARGET_NAME)";
				SWIFT_VERSION = 4.0;
				TARGETED_DEVICE_FAMILY = "1,2";
			};
			name = Debug;
		};
		7FCB1CFF206AD925005ABED5 /* Release */ = {
			isa = XCBuildConfiguration;
			buildSettings = {
				ASSETCATALOG_COMPILER_APPICON_NAME = AppIcon;
				CODE_SIGN_STYLE = Automatic;
				DEVELOPMENT_TEAM = GZYDG2YZQM;
				INFOPLIST_FILE = "Helgeson-Jerdon_Hw9/Info.plist";
				LD_RUNPATH_SEARCH_PATHS = "$(inherited) @executable_path/Frameworks";
				PRODUCT_BUNDLE_IDENTIFIER = "whatDoesThisDo.Helgeson-Jerdon-Hw9";
				PRODUCT_NAME = "$(TARGET_NAME)";
				SWIFT_VERSION = 4.0;
				TARGETED_DEVICE_FAMILY = "1,2";
			};
			name = Release;
		};
		7FCB1D01206AD925005ABED5 /* Debug */ = {
			isa = XCBuildConfiguration;
			buildSettings = {
				ALWAYS_EMBED_SWIFT_STANDARD_LIBRARIES = YES;
				BUNDLE_LOADER = "$(TEST_HOST)";
				CODE_SIGN_STYLE = Automatic;
				DEVELOPMENT_TEAM = GZYDG2YZQM;
				INFOPLIST_FILE = "Helgeson-Jerdon_Hw9Tests/Info.plist";
				LD_RUNPATH_SEARCH_PATHS = "$(inherited) @executable_path/Frameworks @loader_path/Frameworks";
				PRODUCT_BUNDLE_IDENTIFIER = "whatDoesThisDo.Helgeson-Jerdon-Hw9Tests";
				PRODUCT_NAME = "$(TARGET_NAME)";
				SWIFT_VERSION = 4.0;
				TARGETED_DEVICE_FAMILY = "1,2";
				TEST_HOST = "$(BUILT_PRODUCTS_DIR)/Helgeson-Jerdon_Hw9.app/Helgeson-Jerdon_Hw9";
			};
			name = Debug;
		};
		7FCB1D02206AD925005ABED5 /* Release */ = {
			isa = XCBuildConfiguration;
			buildSettings = {
				ALWAYS_EMBED_SWIFT_STANDARD_LIBRARIES = YES;
				BUNDLE_LOADER = "$(TEST_HOST)";
				CODE_SIGN_STYLE = Automatic;
				DEVELOPMENT_TEAM = GZYDG2YZQM;
				INFOPLIST_FILE = "Helgeson-Jerdon_Hw9Tests/Info.plist";
				LD_RUNPATH_SEARCH_PATHS = "$(inherited) @executable_path/Frameworks @loader_path/Frameworks";
				PRODUCT_BUNDLE_IDENTIFIER = "whatDoesThisDo.Helgeson-Jerdon-Hw9Tests";
				PRODUCT_NAME = "$(TARGET_NAME)";
				SWIFT_VERSION = 4.0;
				TARGETED_DEVICE_FAMILY = "1,2";
				TEST_HOST = "$(BUILT_PRODUCTS_DIR)/Helgeson-Jerdon_Hw9.app/Helgeson-Jerdon_Hw9";
			};
			name = Release;
		};
		7FCB1D04206AD925005ABED5 /* Debug */ = {
			isa = XCBuildConfiguration;
			buildSettings = {
				ALWAYS_EMBED_SWIFT_STANDARD_LIBRARIES = YES;
				CODE_SIGN_STYLE = Automatic;
				DEVELOPMENT_TEAM = GZYDG2YZQM;
				INFOPLIST_FILE = "Helgeson-Jerdon_Hw9UITests/Info.plist";
				LD_RUNPATH_SEARCH_PATHS = "$(inherited) @executable_path/Frameworks @loader_path/Frameworks";
				PRODUCT_BUNDLE_IDENTIFIER = "whatDoesThisDo.Helgeson-Jerdon-Hw9UITests";
				PRODUCT_NAME = "$(TARGET_NAME)";
				SWIFT_VERSION = 4.0;
				TARGETED_DEVICE_FAMILY = "1,2";
				TEST_TARGET_NAME = "Helgeson-Jerdon_Hw9";
			};
			name = Debug;
		};
		7FCB1D05206AD925005ABED5 /* Release */ = {
			isa = XCBuildConfiguration;
			buildSettings = {
				ALWAYS_EMBED_SWIFT_STANDARD_LIBRARIES = YES;
				CODE_SIGN_STYLE = Automatic;
				DEVELOPMENT_TEAM = GZYDG2YZQM;
				INFOPLIST_FILE = "Helgeson-Jerdon_Hw9UITests/Info.plist";
				LD_RUNPATH_SEARCH_PATHS = "$(inherited) @executable_path/Frameworks @loader_path/Frameworks";
				PRODUCT_BUNDLE_IDENTIFIER = "whatDoesThisDo.Helgeson-Jerdon-Hw9UITests";
				PRODUCT_NAME = "$(TARGET_NAME)";
				SWIFT_VERSION = 4.0;
				TARGETED_DEVICE_FAMILY = "1,2";
				TEST_TARGET_NAME = "Helgeson-Jerdon_Hw9";
			};
			name = Release;
		};
/* End XCBuildConfiguration section */

/* Begin XCConfigurationList section */
		7FCB1CD0206AD924005ABED5 /* Build configuration list for PBXProject "Helgeson-Jerdon_Hw9" */ = {
			isa = XCConfigurationList;
			buildConfigurations = (
				7FCB1CFB206AD925005ABED5 /* Debug */,
				7FCB1CFC206AD925005ABED5 /* Release */,
			);
			defaultConfigurationIsVisible = 0;
			defaultConfigurationName = Release;
		};
		7FCB1CFD206AD925005ABED5 /* Build configuration list for PBXNativeTarget "Helgeson-Jerdon_Hw9" */ = {
			isa = XCConfigurationList;
			buildConfigurations = (
				7FCB1CFE206AD925005ABED5 /* Debug */,
				7FCB1CFF206AD925005ABED5 /* Release */,
			);
			defaultConfigurationIsVisible = 0;
			defaultConfigurationName = Release;
		};
		7FCB1D00206AD925005ABED5 /* Build configuration list for PBXNativeTarget "Helgeson-Jerdon_Hw9Tests" */ = {
			isa = XCConfigurationList;
			buildConfigurations = (
				7FCB1D01206AD925005ABED5 /* Debug */,
				7FCB1D02206AD925005ABED5 /* Release */,
			);
			defaultConfigurationIsVisible = 0;
			defaultConfigurationName = Release;
		};
		7FCB1D03206AD925005ABED5 /* Build configuration list for PBXNativeTarget "Helgeson-Jerdon_Hw9UITests" */ = {
			isa = XCConfigurationList;
			buildConfigurations = (
				7FCB1D04206AD925005ABED5 /* Debug */,
				7FCB1D05206AD925005ABED5 /* Release */,
			);
			defaultConfigurationIsVisible = 0;
			defaultConfigurationName = Release;
		};
/* End XCConfigurationList section */
	};
	rootObject = 7FCB1CCD206AD924005ABED5 /* Project object */;
}
